Microsoft Visual Studio Solution File, Format Version 12.00
# Visual Studio Version 17
VisualStudioVersion = 17.0.31903.59
MinimumVisualStudioVersion = 10.0.40219.1
Project("{2150E333-8FDC-42A3-9474-1A3956D46DE8}") = "Solution Items", "Solution Items", "{7C916994-31C6-4C55-A84E-B272F7012C52}"
	ProjectSection(SolutionItems) = preProject
		.editorconfig = .editorconfig
		Directory.Build.props = Directory.Build.props
		Directory.Packages.props = Directory.Packages.props
		eGlobalShop.http = eGlobalShop.http
		README.md = README.md
		docker-compose.yaml = docker-compose.yaml
		podman-compose.yaml = podman-compose.yaml
	EndProjectSection
EndProject
Project("{2150E333-8FDC-42A3-9474-1A3956D46DE8}") = "Orders", "Orders", "{E3F1B322-0399-4DE3-86A5-34735E0F9842}"
	ProjectSection(SolutionItems) = preProject
		Orders\Dockerfile = Orders\Dockerfile
	EndProjectSection
EndProject
Project("{2150E333-8FDC-42A3-9474-1A3956D46DE8}") = "Customers", "Customers", "{A07BCA4B-85E9-4F74-9361-4C8DC3892DB3}"
	ProjectSection(SolutionItems) = preProject
		Customers\Dockerfile = Customers\Dockerfile
	EndProjectSection
EndProject
Project("{2150E333-8FDC-42A3-9474-1A3956D46DE8}") = "Inventory", "Inventory", "{E39645B6-2770-490D-81B9-AA62E031CC00}"
	ProjectSection(SolutionItems) = preProject
		Inventory\Dockerfile = Inventory\Dockerfile
	EndProjectSection
EndProject
Project("{FAE04EC0-301F-11D3-BF4B-00C04F79EFBC}") = "WebApi", "Inventory\WebApi\WebApi.csproj", "{6B79F5F3-B7E1-405B-81FF-56C8639BE347}"
EndProject
Project("{FAE04EC0-301F-11D3-BF4B-00C04F79EFBC}") = "WebApi", "Customers\WebApi\WebApi.csproj", "{B3D2AE03-072A-4508-A364-FBBDDC3E9145}"
EndProject
Project("{FAE04EC0-301F-11D3-BF4B-00C04F79EFBC}") = "WebApi", "Orders\WebApi\WebApi.csproj", "{9F9C0D5C-959A-4480-878A-1275F02FA2D0}"
EndProject
Project("{2150E333-8FDC-42A3-9474-1A3956D46DE8}") = "Shared", "Shared", "{C74CFC90-357E-4CE5-AE84-02170C9ACF3B}"
EndProject
Project("{FAE04EC0-301F-11D3-BF4B-00C04F79EFBC}") = "WebApi.Helpers", "Shared\WebApi.Helpers\WebApi.Helpers.csproj", "{8C3E1B82-1825-4E55-B913-33107EC1C094}"
EndProject
Project("{FAE04EC0-301F-11D3-BF4B-00C04F79EFBC}") = "SharedKernel", "Shared\SharedKernel\SharedKernel.csproj", "{D219956B-A991-4C45-BC47-8885EC9E84E8}"
EndProject
Project("{FAE04EC0-301F-11D3-BF4B-00C04F79EFBC}") = "Application", "Customers\Application\Application.csproj", "{2B836BD6-10D5-44DC-8C33-8ED65861D280}"
EndProject
Project("{FAE04EC0-301F-11D3-BF4B-00C04F79EFBC}") = "Domain", "Customers\Domain\Domain.csproj", "{CB5335FB-7BF5-4662-AE59-164F2944B7AC}"
EndProject
Project("{FAE04EC0-301F-11D3-BF4B-00C04F79EFBC}") = "Infrastructure", "Customers\Infrastructure\Infrastructure.csproj", "{F09B0C5C-45F2-429A-9F1E-07A8726826A4}"
EndProject
Project("{FAE04EC0-301F-11D3-BF4B-00C04F79EFBC}") = "Application.Helpers", "Shared\Application.Helpers\Application.Helpers.csproj", "{865BC03A-B488-47E3-A0F1-A8B0DA3B7829}"
EndProject
Project("{FAE04EC0-301F-11D3-BF4B-00C04F79EFBC}") = "Application", "Orders\Application\Application.csproj", "{C6A112B5-6F12-4B06-ADCE-D92B416EEBF2}"
EndProject
Project("{FAE04EC0-301F-11D3-BF4B-00C04F79EFBC}") = "Domain", "Orders\Domain\Domain.csproj", "{1454745A-8350-4966-B844-066057046EB7}"
EndProject
Project("{FAE04EC0-301F-11D3-BF4B-00C04F79EFBC}") = "Infrastructure", "Orders\Infrastructure\Infrastructure.csproj", "{6FC4FAB5-B855-4E5C-B8C9-B080CF0108BE}"
EndProject
Project("{FAE04EC0-301F-11D3-BF4B-00C04F79EFBC}") = "Application", "Inventory\Application\Application.csproj", "{0892E749-5247-4724-9AC6-435E98483729}"
EndProject
Project("{FAE04EC0-301F-11D3-BF4B-00C04F79EFBC}") = "Infrastructure", "Inventory\Infrastructure\Infrastructure.csproj", "{97DE16FC-9FFF-46D0-8C89-61FF0C976D12}"
EndProject
Project("{FAE04EC0-301F-11D3-BF4B-00C04F79EFBC}") = "Domain", "Inventory\Domain\Domain.csproj", "{B3353D13-3DD2-40AA-81F3-BEED1E7A5DC9}"
EndProject
Project("{FAE04EC0-301F-11D3-BF4B-00C04F79EFBC}") = "Nats.Helpers", "Shared\Nats.Helpers\Nats.Helpers.csproj", "{95C1D979-FC5E-43AB-91D2-124A825FD0AC}"
EndProject
Project("{2150E333-8FDC-42A3-9474-1A3956D46DE8}") = "Billing", "Billing", "{57848A8A-A963-4519-9773-C36D70F05F97}"
	ProjectSection(SolutionItems) = preProject
		Billing\Dockerfile = Billing\Dockerfile
	EndProjectSection
EndProject
Project("{FAE04EC0-301F-11D3-BF4B-00C04F79EFBC}") = "WebApi", "Billing\WebApi\WebApi.csproj", "{59BFF691-A4CD-48D0-84C7-84C39DA4B810}"
EndProject
Project("{FAE04EC0-301F-11D3-BF4B-00C04F79EFBC}") = "Infrastructure", "Billing\Infrastructure\Infrastructure.csproj", "{CAC5017A-1AD7-4422-806A-903F3666F143}"
EndProject
Project("{FAE04EC0-301F-11D3-BF4B-00C04F79EFBC}") = "Domain", "Billing\Domain\Domain.csproj", "{2085B50A-BB84-4FE5-A8A2-888BECB77EBC}"
EndProject
Project("{FAE04EC0-301F-11D3-BF4B-00C04F79EFBC}") = "Application", "Billing\Application\Application.csproj", "{1A47A96E-EEE2-4C48-9340-DA0FEF48DAF9}"
EndProject
Global
	GlobalSection(SolutionConfigurationPlatforms) = preSolution
		Debug|Any CPU = Debug|Any CPU
		Release|Any CPU = Release|Any CPU
	EndGlobalSection
	GlobalSection(SolutionProperties) = preSolution
		HideSolutionNode = FALSE
	EndGlobalSection
	GlobalSection(ProjectConfigurationPlatforms) = postSolution
		{6B79F5F3-B7E1-405B-81FF-56C8639BE347}.Debug|Any CPU.ActiveCfg = Debug|Any CPU
		{6B79F5F3-B7E1-405B-81FF-56C8639BE347}.Debug|Any CPU.Build.0 = Debug|Any CPU
		{6B79F5F3-B7E1-405B-81FF-56C8639BE347}.Release|Any CPU.ActiveCfg = Release|Any CPU
		{6B79F5F3-B7E1-405B-81FF-56C8639BE347}.Release|Any CPU.Build.0 = Release|Any CPU
		{B3D2AE03-072A-4508-A364-FBBDDC3E9145}.Debug|Any CPU.ActiveCfg = Debug|Any CPU
		{B3D2AE03-072A-4508-A364-FBBDDC3E9145}.Debug|Any CPU.Build.0 = Debug|Any CPU
		{B3D2AE03-072A-4508-A364-FBBDDC3E9145}.Release|Any CPU.ActiveCfg = Release|Any CPU
		{B3D2AE03-072A-4508-A364-FBBDDC3E9145}.Release|Any CPU.Build.0 = Release|Any CPU
		{9F9C0D5C-959A-4480-878A-1275F02FA2D0}.Debug|Any CPU.ActiveCfg = Debug|Any CPU
		{9F9C0D5C-959A-4480-878A-1275F02FA2D0}.Debug|Any CPU.Build.0 = Debug|Any CPU
		{9F9C0D5C-959A-4480-878A-1275F02FA2D0}.Release|Any CPU.ActiveCfg = Release|Any CPU
		{9F9C0D5C-959A-4480-878A-1275F02FA2D0}.Release|Any CPU.Build.0 = Release|Any CPU
		{8C3E1B82-1825-4E55-B913-33107EC1C094}.Debug|Any CPU.ActiveCfg = Debug|Any CPU
		{8C3E1B82-1825-4E55-B913-33107EC1C094}.Debug|Any CPU.Build.0 = Debug|Any CPU
		{8C3E1B82-1825-4E55-B913-33107EC1C094}.Release|Any CPU.ActiveCfg = Release|Any CPU
		{8C3E1B82-1825-4E55-B913-33107EC1C094}.Release|Any CPU.Build.0 = Release|Any CPU
		{D219956B-A991-4C45-BC47-8885EC9E84E8}.Debug|Any CPU.ActiveCfg = Debug|Any CPU
		{D219956B-A991-4C45-BC47-8885EC9E84E8}.Debug|Any CPU.Build.0 = Debug|Any CPU
		{D219956B-A991-4C45-BC47-8885EC9E84E8}.Release|Any CPU.ActiveCfg = Release|Any CPU
		{D219956B-A991-4C45-BC47-8885EC9E84E8}.Release|Any CPU.Build.0 = Release|Any CPU
		{2B836BD6-10D5-44DC-8C33-8ED65861D280}.Debug|Any CPU.ActiveCfg = Debug|Any CPU
		{2B836BD6-10D5-44DC-8C33-8ED65861D280}.Debug|Any CPU.Build.0 = Debug|Any CPU
		{2B836BD6-10D5-44DC-8C33-8ED65861D280}.Release|Any CPU.ActiveCfg = Release|Any CPU
		{2B836BD6-10D5-44DC-8C33-8ED65861D280}.Release|Any CPU.Build.0 = Release|Any CPU
		{CB5335FB-7BF5-4662-AE59-164F2944B7AC}.Debug|Any CPU.ActiveCfg = Debug|Any CPU
		{CB5335FB-7BF5-4662-AE59-164F2944B7AC}.Debug|Any CPU.Build.0 = Debug|Any CPU
		{CB5335FB-7BF5-4662-AE59-164F2944B7AC}.Release|Any CPU.ActiveCfg = Release|Any CPU
		{CB5335FB-7BF5-4662-AE59-164F2944B7AC}.Release|Any CPU.Build.0 = Release|Any CPU
		{F09B0C5C-45F2-429A-9F1E-07A8726826A4}.Debug|Any CPU.ActiveCfg = Debug|Any CPU
		{F09B0C5C-45F2-429A-9F1E-07A8726826A4}.Debug|Any CPU.Build.0 = Debug|Any CPU
		{F09B0C5C-45F2-429A-9F1E-07A8726826A4}.Release|Any CPU.ActiveCfg = Release|Any CPU
		{F09B0C5C-45F2-429A-9F1E-07A8726826A4}.Release|Any CPU.Build.0 = Release|Any CPU
		{865BC03A-B488-47E3-A0F1-A8B0DA3B7829}.Debug|Any CPU.ActiveCfg = Debug|Any CPU
		{865BC03A-B488-47E3-A0F1-A8B0DA3B7829}.Debug|Any CPU.Build.0 = Debug|Any CPU
		{865BC03A-B488-47E3-A0F1-A8B0DA3B7829}.Release|Any CPU.ActiveCfg = Release|Any CPU
		{865BC03A-B488-47E3-A0F1-A8B0DA3B7829}.Release|Any CPU.Build.0 = Release|Any CPU
		{C6A112B5-6F12-4B06-ADCE-D92B416EEBF2}.Debug|Any CPU.ActiveCfg = Debug|Any CPU
		{C6A112B5-6F12-4B06-ADCE-D92B416EEBF2}.Debug|Any CPU.Build.0 = Debug|Any CPU
		{C6A112B5-6F12-4B06-ADCE-D92B416EEBF2}.Release|Any CPU.ActiveCfg = Release|Any CPU
		{C6A112B5-6F12-4B06-ADCE-D92B416EEBF2}.Release|Any CPU.Build.0 = Release|Any CPU
		{1454745A-8350-4966-B844-066057046EB7}.Debug|Any CPU.ActiveCfg = Debug|Any CPU
		{1454745A-8350-4966-B844-066057046EB7}.Debug|Any CPU.Build.0 = Debug|Any CPU
		{1454745A-8350-4966-B844-066057046EB7}.Release|Any CPU.ActiveCfg = Release|Any CPU
		{1454745A-8350-4966-B844-066057046EB7}.Release|Any CPU.Build.0 = Release|Any CPU
		{6FC4FAB5-B855-4E5C-B8C9-B080CF0108BE}.Debug|Any CPU.ActiveCfg = Debug|Any CPU
		{6FC4FAB5-B855-4E5C-B8C9-B080CF0108BE}.Debug|Any CPU.Build.0 = Debug|Any CPU
		{6FC4FAB5-B855-4E5C-B8C9-B080CF0108BE}.Release|Any CPU.ActiveCfg = Release|Any CPU
		{6FC4FAB5-B855-4E5C-B8C9-B080CF0108BE}.Release|Any CPU.Build.0 = Release|Any CPU
		{0892E749-5247-4724-9AC6-435E98483729}.Debug|Any CPU.ActiveCfg = Debug|Any CPU
		{0892E749-5247-4724-9AC6-435E98483729}.Debug|Any CPU.Build.0 = Debug|Any CPU
		{0892E749-5247-4724-9AC6-435E98483729}.Release|Any CPU.ActiveCfg = Release|Any CPU
		{0892E749-5247-4724-9AC6-435E98483729}.Release|Any CPU.Build.0 = Release|Any CPU
		{97DE16FC-9FFF-46D0-8C89-61FF0C976D12}.Debug|Any CPU.ActiveCfg = Debug|Any CPU
		{97DE16FC-9FFF-46D0-8C89-61FF0C976D12}.Debug|Any CPU.Build.0 = Debug|Any CPU
		{97DE16FC-9FFF-46D0-8C89-61FF0C976D12}.Release|Any CPU.ActiveCfg = Release|Any CPU
		{97DE16FC-9FFF-46D0-8C89-61FF0C976D12}.Release|Any CPU.Build.0 = Release|Any CPU
		{B3353D13-3DD2-40AA-81F3-BEED1E7A5DC9}.Debug|Any CPU.ActiveCfg = Debug|Any CPU
		{B3353D13-3DD2-40AA-81F3-BEED1E7A5DC9}.Debug|Any CPU.Build.0 = Debug|Any CPU
		{B3353D13-3DD2-40AA-81F3-BEED1E7A5DC9}.Release|Any CPU.ActiveCfg = Release|Any CPU
		{B3353D13-3DD2-40AA-81F3-BEED1E7A5DC9}.Release|Any CPU.Build.0 = Release|Any CPU
		{95C1D979-FC5E-43AB-91D2-124A825FD0AC}.Debug|Any CPU.ActiveCfg = Debug|Any CPU
		{95C1D979-FC5E-43AB-91D2-124A825FD0AC}.Debug|Any CPU.Build.0 = Debug|Any CPU
		{95C1D979-FC5E-43AB-91D2-124A825FD0AC}.Release|Any CPU.ActiveCfg = Release|Any CPU
		{95C1D979-FC5E-43AB-91D2-124A825FD0AC}.Release|Any CPU.Build.0 = Release|Any CPU
		{59BFF691-A4CD-48D0-84C7-84C39DA4B810}.Debug|Any CPU.ActiveCfg = Debug|Any CPU
		{59BFF691-A4CD-48D0-84C7-84C39DA4B810}.Debug|Any CPU.Build.0 = Debug|Any CPU
		{59BFF691-A4CD-48D0-84C7-84C39DA4B810}.Release|Any CPU.ActiveCfg = Release|Any CPU
		{59BFF691-A4CD-48D0-84C7-84C39DA4B810}.Release|Any CPU.Build.0 = Release|Any CPU
		{CAC5017A-1AD7-4422-806A-903F3666F143}.Debug|Any CPU.ActiveCfg = Debug|Any CPU
		{CAC5017A-1AD7-4422-806A-903F3666F143}.Debug|Any CPU.Build.0 = Debug|Any CPU
		{CAC5017A-1AD7-4422-806A-903F3666F143}.Release|Any CPU.ActiveCfg = Release|Any CPU
		{CAC5017A-1AD7-4422-806A-903F3666F143}.Release|Any CPU.Build.0 = Release|Any CPU
		{2085B50A-BB84-4FE5-A8A2-888BECB77EBC}.Debug|Any CPU.ActiveCfg = Debug|Any CPU
		{2085B50A-BB84-4FE5-A8A2-888BECB77EBC}.Debug|Any CPU.Build.0 = Debug|Any CPU
		{2085B50A-BB84-4FE5-A8A2-888BECB77EBC}.Release|Any CPU.ActiveCfg = Release|Any CPU
		{2085B50A-BB84-4FE5-A8A2-888BECB77EBC}.Release|Any CPU.Build.0 = Release|Any CPU
		{1A47A96E-EEE2-4C48-9340-DA0FEF48DAF9}.Debug|Any CPU.ActiveCfg = Debug|Any CPU
		{1A47A96E-EEE2-4C48-9340-DA0FEF48DAF9}.Debug|Any CPU.Build.0 = Debug|Any CPU
		{1A47A96E-EEE2-4C48-9340-DA0FEF48DAF9}.Release|Any CPU.ActiveCfg = Release|Any CPU
		{1A47A96E-EEE2-4C48-9340-DA0FEF48DAF9}.Release|Any CPU.Build.0 = Release|Any CPU
	EndGlobalSection
	GlobalSection(NestedProjects) = preSolution
		{6B79F5F3-B7E1-405B-81FF-56C8639BE347} = {E39645B6-2770-490D-81B9-AA62E031CC00}
		{B3D2AE03-072A-4508-A364-FBBDDC3E9145} = {A07BCA4B-85E9-4F74-9361-4C8DC3892DB3}
		{9F9C0D5C-959A-4480-878A-1275F02FA2D0} = {E3F1B322-0399-4DE3-86A5-34735E0F9842}
		{8C3E1B82-1825-4E55-B913-33107EC1C094} = {C74CFC90-357E-4CE5-AE84-02170C9ACF3B}
		{D219956B-A991-4C45-BC47-8885EC9E84E8} = {C74CFC90-357E-4CE5-AE84-02170C9ACF3B}
		{2B836BD6-10D5-44DC-8C33-8ED65861D280} = {A07BCA4B-85E9-4F74-9361-4C8DC3892DB3}
		{CB5335FB-7BF5-4662-AE59-164F2944B7AC} = {A07BCA4B-85E9-4F74-9361-4C8DC3892DB3}
		{F09B0C5C-45F2-429A-9F1E-07A8726826A4} = {A07BCA4B-85E9-4F74-9361-4C8DC3892DB3}
		{865BC03A-B488-47E3-A0F1-A8B0DA3B7829} = {C74CFC90-357E-4CE5-AE84-02170C9ACF3B}
		{C6A112B5-6F12-4B06-ADCE-D92B416EEBF2} = {E3F1B322-0399-4DE3-86A5-34735E0F9842}
		{1454745A-8350-4966-B844-066057046EB7} = {E3F1B322-0399-4DE3-86A5-34735E0F9842}
		{6FC4FAB5-B855-4E5C-B8C9-B080CF0108BE} = {E3F1B322-0399-4DE3-86A5-34735E0F9842}
		{0892E749-5247-4724-9AC6-435E98483729} = {E39645B6-2770-490D-81B9-AA62E031CC00}
		{97DE16FC-9FFF-46D0-8C89-61FF0C976D12} = {E39645B6-2770-490D-81B9-AA62E031CC00}
		{B3353D13-3DD2-40AA-81F3-BEED1E7A5DC9} = {E39645B6-2770-490D-81B9-AA62E031CC00}
		{95C1D979-FC5E-43AB-91D2-124A825FD0AC} = {C74CFC90-357E-4CE5-AE84-02170C9ACF3B}
		{59BFF691-A4CD-48D0-84C7-84C39DA4B810} = {57848A8A-A963-4519-9773-C36D70F05F97}
		{CAC5017A-1AD7-4422-806A-903F3666F143} = {57848A8A-A963-4519-9773-C36D70F05F97}
		{2085B50A-BB84-4FE5-A8A2-888BECB77EBC} = {57848A8A-A963-4519-9773-C36D70F05F97}
		{1A47A96E-EEE2-4C48-9340-DA0FEF48DAF9} = {57848A8A-A963-4519-9773-C36D70F05F97}
	EndGlobalSection
EndGlobal
